
Microsoft Visual Studio Solution File, Format Version 12.00
# Visual Studio Version 16
VisualStudioVersion = 25.0.1706.4
MinimumVisualStudioVersion = 10.0.40219.1
Project("{FAE04EC0-301F-11D3-BF4B-00C04F79EFBC}") = "tp3csharp", "tp3csharp.csproj", "{8D56C7D6-3550-441C-9BEA-9EB7AB0FAABF}"
EndProject
Global
	GlobalSection(SolutionConfigurationPlatforms) = preSolution
		Debug|Any CPU = Debug|Any CPU
		Release|Any CPU = Release|Any CPU
	EndGlobalSection
	GlobalSection(ProjectConfigurationPlatforms) = postSolution
		{8D56C7D6-3550-441C-9BEA-9EB7AB0FAABF}.Debug|Any CPU.ActiveCfg = Debug|Any CPU
		{8D56C7D6-3550-441C-9BEA-9EB7AB0FAABF}.Debug|Any CPU.Build.0 = Debug|Any CPU
		{8D56C7D6-3550-441C-9BEA-9EB7AB0FAABF}.Release|Any CPU.ActiveCfg = Release|Any CPU
		{8D56C7D6-3550-441C-9BEA-9EB7AB0FAABF}.Release|Any CPU.Build.0 = Release|Any CPU
	EndGlobalSection
	GlobalSection(SolutionProperties) = preSolution
		HideSolutionNode = FALSE
	EndGlobalSection
	GlobalSection(ExtensibilityGlobals) = postSolution
		SolutionGuid = {5915D77E-7E75-473A-AB57-16BE40395A3B}
	EndGlobalSection
EndGlobal
